// !$*UTF8*$!
{
	archiveVersion = 1;
	classes = {
	};
	objectVersion = 46;
	objects = {

/* Begin PBXBuildFile section */
		F513C2301BED0AED00F4B122 /* AppDelegate.swift in Sources */ = {isa = PBXBuildFile; fileRef = F513C22F1BED0AED00F4B122 /* AppDelegate.swift */; };
		F513C2321BED0AED00F4B122 /* ViewController.swift in Sources */ = {isa = PBXBuildFile; fileRef = F513C2311BED0AED00F4B122 /* ViewController.swift */; };
		F513C2351BED0AED00F4B122 /* Main.storyboard in Resources */ = {isa = PBXBuildFile; fileRef = F513C2331BED0AED00F4B122 /* Main.storyboard */; };
		F513C2371BED0AED00F4B122 /* Images.xcassets in Resources */ = {isa = PBXBuildFile; fileRef = F513C2361BED0AED00F4B122 /* Images.xcassets */; };
		F513C23A1BED0AED00F4B122 /* LaunchScreen.xib in Resources */ = {isa = PBXBuildFile; fileRef = F513C2381BED0AED00F4B122 /* LaunchScreen.xib */; };
		F513C2461BED0AED00F4B122 /* tableViewsTests.swift in Sources */ = {isa = PBXBuildFile; fileRef = F513C2451BED0AED00F4B122 /* tableViewsTests.swift */; };
/* End PBXBuildFile section */

/* Begin PBXContainerItemProxy section */
		F513C2401BED0AED00F4B122 /* PBXContainerItemProxy */ = {
			isa = PBXContainerItemProxy;
			containerPortal = F513C2221BED0AED00F4B122 /* Project object */;
			proxyType = 1;
			remoteGlobalIDString = F513C2291BED0AED00F4B122;
			remoteInfo = tableViews;
		};
/* End PBXContainerItemProxy section */

/* Begin PBXFileReference section */
		F513C22A1BED0AED00F4B122 /* tableViews.app */ = {isa = PBXFileReference; explicitFileType = wrapper.application; includeInIndex = 0; path = tableViews.app; sourceTree = BUILT_PRODUCTS_DIR; };
		F513C22E1BED0AED00F4B122 /* Info.plist */ = {isa = PBXFileReference; lastKnownFileType = text.plist.xml; path = Info.plist; sourceTree = "<group>"; };
		F513C22F1BED0AED00F4B122 /* AppDelegate.swift */ = {isa = PBXFileReference; lastKnownFileType = sourcecode.swift; path = AppDelegate.swift; sourceTree = "<group>"; };
		F513C2311BED0AED00F4B122 /* ViewController.swift */ = {isa = PBXFileReference; lastKnownFileType = sourcecode.swift; path = ViewController.swift; sourceTree = "<group>"; };
		F513C2341BED0AED00F4B122 /* Base */ = {isa = PBXFileReference; lastKnownFileType = file.storyboard; name = Base; path = Base.lproj/Main.storyboard; sourceTree = "<group>"; };
		F513C2361BED0AED00F4B122 /* Images.xcassets */ = {isa = PBXFileReference; lastKnownFileType = folder.assetcatalog; path = Images.xcassets; sourceTree = "<group>"; };
		F513C2391BED0AED00F4B122 /* Base */ = {isa = PBXFileReference; lastKnownFileType = file.xib; name = Base; path = Base.lproj/LaunchScreen.xib; sourceTree = "<group>"; };
		F513C23F1BED0AED00F4B122 /* tableViewsTests.xctest */ = {isa = PBXFileReference; explicitFileType = wrapper.cfbundle; includeInIndex = 0; path = tableViewsTests.xctest; sourceTree = BUILT_PRODUCTS_DIR; };
		F513C2441BED0AED00F4B122 /* Info.plist */ = {isa = PBXFileReference; lastKnownFileType = text.plist.xml; path = Info.plist; sourceTree = "<group>"; };
		F513C2451BED0AED00F4B122 /* tableViewsTests.swift */ = {isa = PBXFileReference; lastKnownFileType = sourcecode.swift; path = tableViewsTests.swift; sourceTree = "<group>"; };
/* End PBXFileReference section */

/* Begin PBXFrameworksBuildPhase section */
		F513C2271BED0AED00F4B122 /* Frameworks */ = {
			isa = PBXFrameworksBuildPhase;
			buildActionMask = 2147483647;
			files = (
			);
			runOnlyForDeploymentPostprocessing = 0;
		};
		F513C23C1BED0AED00F4B122 /* Frameworks */ = {
			isa = PBXFrameworksBuildPhase;
			buildActionMask = 2147483647;
			files = (
			);
			runOnlyForDeploymentPostprocessing = 0;
		};
/* End PBXFrameworksBuildPhase section */

/* Begin PBXGroup section */
		F513C2211BED0AED00F4B122 = {
			isa = PBXGroup;
			children = (
				F513C22C1BED0AED00F4B122 /* tableViews */,
				F513C2421BED0AED00F4B122 /* tableViewsTests */,
				F513C22B1BED0AED00F4B122 /* Products */,
			);
			sourceTree = "<group>";
		};
		F513C22B1BED0AED00F4B122 /* Products */ = {
			isa = PBXGroup;
			children = (
				F513C22A1BED0AED00F4B122 /* tableViews.app */,
				F513C23F1BED0AED00F4B122 /* tableViewsTests.xctest */,
			);
			name = Products;
			sourceTree = "<group>";
		};
		F513C22C1BED0AED00F4B122 /* tableViews */ = {
			isa = PBXGroup;
			children = (
				F513C22F1BED0AED00F4B122 /* AppDelegate.swift */,
				F513C2311BED0AED00F4B122 /* ViewController.swift */,
				F513C2331BED0AED00F4B122 /* Main.storyboard */,
				F513C2361BED0AED00F4B122 /* Images.xcassets */,
				F513C2381BED0AED00F4B122 /* LaunchScreen.xib */,
				F513C22D1BED0AED00F4B122 /* Supporting Files */,
			);
			path = tableViews;
			sourceTree = "<group>";
		};
		F513C22D1BED0AED00F4B122 /* Supporting Files */ = {
			isa = PBXGroup;
			children = (
				F513C22E1BED0AED00F4B122 /* Info.plist */,
			);
			name = "Supporting Files";
			sourceTree = "<group>";
		};
		F513C2421BED0AED00F4B122 /* tableViewsTests */ = {
			isa = PBXGroup;
			children = (
				F513C2451BED0AED00F4B122 /* tableViewsTests.swift */,
				F513C2431BED0AED00F4B122 /* Supporting Files */,
			);
			path = tableViewsTests;
			sourceTree = "<group>";
		};
		F513C2431BED0AED00F4B122 /* Supporting Files */ = {
			isa = PBXGroup;
			children = (
				F513C2441BED0AED00F4B122 /* Info.plist */,
			);
			name = "Supporting Files";
			sourceTree = "<group>";
		};
/* End PBXGroup section */

/* Begin PBXNativeTarget section */
		F513C2291BED0AED00F4B122 /* tableViews */ = {
			isa = PBXNativeTarget;
			buildConfigurationList = F513C2491BED0AED00F4B122 /* Build configuration list for PBXNativeTarget "tableViews" */;
			buildPhases = (
				F513C2261BED0AED00F4B122 /* Sources */,
				F513C2271BED0AED00F4B122 /* Frameworks */,
				F513C2281BED0AED00F4B122 /* Resources */,
			);
			buildRules = (
			);
			dependencies = (
			);
			name = tableViews;
			productName = tableViews;
			productReference = F513C22A1BED0AED00F4B122 /* tableViews.app */;
			productType = "com.apple.product-type.application";
		};
		F513C23E1BED0AED00F4B122 /* tableViewsTests */ = {
			isa = PBXNativeTarget;
			buildConfigurationList = F513C24C1BED0AED00F4B122 /* Build configuration list for PBXNativeTarget "tableViewsTests" */;
			buildPhases = (
				F513C23B1BED0AED00F4B122 /* Sources */,
				F513C23C1BED0AED00F4B122 /* Frameworks */,
				F513C23D1BED0AED00F4B122 /* Resources */,
			);
			buildRules = (
			);
			dependencies = (
				F513C2411BED0AED00F4B122 /* PBXTargetDependency */,
			);
			name = tableViewsTests;
			productName = tableViewsTests;
			productReference = F513C23F1BED0AED00F4B122 /* tableViewsTests.xctest */;
			productType = "com.apple.product-type.bundle.unit-test";
		};
/* End PBXNativeTarget section */

/* Begin PBXProject section */
		F513C2221BED0AED00F4B122 /* Project object */ = {
			isa = PBXProject;
			attributes = {
				LastUpgradeCheck = 0640;
				ORGANIZATIONNAME = Nylon;
				TargetAttributes = {
					F513C2291BED0AED00F4B122 = {
						CreatedOnToolsVersion = 6.4;
					};
					F513C23E1BED0AED00F4B122 = {
						CreatedOnToolsVersion = 6.4;
						TestTargetID = F513C2291BED0AED00F4B122;
					};
				};
			};
			buildConfigurationList = F513C2251BED0AED00F4B122 /* Build configuration list for PBXProject "tableViews" */;
			compatibilityVersion = "Xcode 3.2";
			developmentRegion = English;
			hasScannedForEncodings = 0;
			knownRegions = (
				en,
				Base,
			);
			mainGroup = F513C2211BED0AED00F4B122;
			productRefGroup = F513C22B1BED0AED00F4B122 /* Products */;
			projectDirPath = "";
			projectRoot = "";
			targets = (
				F513C2291BED0AED00F4B122 /* tableViews */,
				F513C23E1BED0AED00F4B122 /* tableViewsTests */,
			);
		};
/* End PBXProject section */

/* Begin PBXResourcesBuildPhase section */
		F513C2281BED0AED00F4B122 /* Resources */ = {
			isa = PBXResourcesBuildPhase;
			buildActionMask = 2147483647;
			files = (
				F513C2351BED0AED00F4B122 /* Main.storyboard in Resources */,
				F513C23A1BED0AED00F4B122 /* LaunchScreen.xib in Resources */,
				F513C2371BED0AED00F4B122 /* Images.xcassets in Resources */,
			);
			runOnlyForDeploymentPostprocessing = 0;
		};
		F513C23D1BED0AED00F4B122 /* Resources */ = {
			isa = PBXResourcesBuildPhase;
			buildActionMask = 2147483647;
			files = (
			);
			runOnlyForDeploymentPostprocessing = 0;
		};
/* End PBXResourcesBuildPhase section */

/* Begin PBXSourcesBuildPhase section */
		F513C2261BED0AED00F4B122 /* Sources */ = {
			isa = PBXSourcesBuildPhase;
			buildActionMask = 2147483647;
			files = (
				F513C2321BED0AED00F4B122 /* ViewController.swift in Sources */,
				F513C2301BED0AED00F4B122 /* AppDelegate.swift in Sources */,
			);
			runOnlyForDeploymentPostprocessing = 0;
		};
		F513C23B1BED0AED00F4B122 /* Sources */ = {
			isa = PBXSourcesBuildPhase;
			buildActionMask = 2147483647;
			files = (
				F513C2461BED0AED00F4B122 /* tableViewsTests.swift in Sources */,
			);
			runOnlyForDeploymentPostprocessing = 0;
		};
/* End PBXSourcesBuildPhase section */

/* Begin PBXTargetDependency section */
		F513C2411BED0AED00F4B122 /* PBXTargetDependency */ = {
			isa = PBXTargetDependency;
			target = F513C2291BED0AED00F4B122 /* tableViews */;
			targetProxy = F513C2401BED0AED00F4B122 /* PBXContainerItemProxy */;
		};
/* End PBXTargetDependency section */

/* Begin PBXVariantGroup section */
		F513C2331BED0AED00F4B122 /* Main.storyboard */ = {
			isa = PBXVariantGroup;
			children = (
				F513C2341BED0AED00F4B122 /* Base */,
			);
			name = Main.storyboard;
			sourceTree = "<group>";
		};
		F513C2381BED0AED00F4B122 /* LaunchScreen.xib */ = {
			isa = PBXVariantGroup;
			children = (
				F513C2391BED0AED00F4B122 /* Base */,
			);
			name = LaunchScreen.xib;
			sourceTree = "<group>";
		};
/* End PBXVariantGroup section */

/* Begin XCBuildConfiguration section */
		F513C2471BED0AED00F4B122 /* Debug */ = {
			isa = XCBuildConfiguration;
			buildSettings = {
				ALWAYS_SEARCH_USER_PATHS = NO;
				CLANG_CXX_LANGUAGE_STANDARD = "gnu++0x";
				CLANG_CXX_LIBRARY = "libc++";
				CLANG_ENABLE_MODULES = YES;
				CLANG_ENABLE_OBJC_ARC = YES;
				CLANG_WARN_BOOL_CONVERSION = YES;
				CLANG_WARN_CONSTANT_CONVERSION = YES;
				CLANG_WARN_DIRECT_OBJC_ISA_USAGE = YES_ERROR;
				CLANG_WARN_EMPTY_BODY = YES;
				CLANG_WARN_ENUM_CONVERSION = YES;
				CLANG_WARN_INT_CONVERSION = YES;
				CLANG_WARN_OBJC_ROOT_CLASS = YES_ERROR;
				CLANG_WARN_UNREACHABLE_CODE = YES;
				CLANG_WARN__DUPLICATE_METHOD_MATCH = YES;
				"CODE_SIGN_IDENTITY[sdk=iphoneos*]" = "iPhone Developer";
				COPY_PHASE_STRIP = NO;
				DEBUG_INFORMATION_FORMAT = "dwarf-with-dsym";
				ENABLE_STRICT_OBJC_MSGSEND = YES;
				GCC_C_LANGUAGE_STANDARD = gnu99;
				GCC_DYNAMIC_NO_PIC = NO;
				GCC_NO_COMMON_BLOCKS = YES;
				GCC_OPTIMIZATION_LEVEL = 0;
				GCC_PREPROCESSOR_DEFINITIONS = (
					"DEBUG=1",
					"$(inherited)",
				);
				GCC_SYMBOLS_PRIVATE_EXTERN = NO;
				GCC_WARN_64_TO_32_BIT_CONVERSION = YES;
				GCC_WARN_ABOUT_RETURN_TYPE = YES_ERROR;
				GCC_WARN_UNDECLARED_SELECTOR = YES;
				GCC_WARN_UNINITIALIZED_AUTOS = YES_AGGRESSIVE;
				GCC_WARN_UNUSED_FUNCTION = YES;
				GCC_WARN_UNUSED_VARIABLE = YES;
				IPHONEOS_DEPLOYMENT_TARGET = 8.4;
				MTL_ENABLE_DEBUG_INFO = YES;
				ONLY_ACTIVE_ARCH = YES;
				SDKROOT = iphoneos;
				SWIFT_OPTIMIZATION_LEVEL = "-Onone";
			};
			name = Debug;
		};
		F513C2481BED0AED00F4B122 /* Release */ = {
			isa = XCBuildConfiguration;
			buildSettings = {
				ALWAYS_SEARCH_USER_PATHS = NO;
				CLANG_CXX_LANGUAGE_STANDARD = "gnu++0x";
				CLANG_CXX_LIBRARY = "libc++";
				CLANG_ENABLE_MODULES = YES;
				CLANG_ENABLE_OBJC_ARC = YES;
				CLANG_WARN_BOOL_CONVERSION = YES;
				CLANG_WARN_CONSTANT_CONVERSION = YES;
				CLANG_WARN_DIRECT_OBJC_ISA_USAGE = YES_ERROR;
				CLANG_WARN_EMPTY_BODY = YES;
				CLANG_WARN_ENUM_CONVERSION = YES;
				CLANG_WARN_INT_CONVERSION = YES;
				CLANG_WARN_OBJC_ROOT_CLASS = YES_ERROR;
				CLANG_WARN_UNREACHABLE_CODE = YES;
				CLANG_WARN__DUPLICATE_METHOD_MATCH = YES;
				"CODE_SIGN_IDENTITY[sdk=iphoneos*]" = "iPhone Developer";
				COPY_PHASE_STRIP = NO;
				DEBUG_INFORMATION_FORMAT = "dwarf-with-dsym";
				ENABLE_NS_ASSERTIONS = NO;
				ENABLE_STRICT_OBJC_MSGSEND = YES;
				GCC_C_LANGUAGE_STANDARD = gnu99;
				GCC_NO_COMMON_BLOCKS = YES;
				GCC_WARN_64_TO_32_BIT_CONVERSION = YES;
				GCC_WARN_ABOUT_RETURN_TYPE = YES_ERROR;
				GCC_WARN_UNDECLARED_SELECTOR = YES;
				GCC_WARN_UNINITIALIZED_AUTOS = YES_AGGRESSIVE;
				GCC_WARN_UNUSED_FUNCTION = YES;
				GCC_WARN_UNUSED_VARIABLE = YES;
				IPHONEOS_DEPLOYMENT_TARGET = 8.4;
				MTL_ENABLE_DEBUG_INFO = NO;
				SDKROOT = iphoneos;
				VALIDATE_PRODUCT = YES;
			};
			name = Release;
		};
		F513C24A1BED0AED00F4B122 /* Debug */ = {
			isa = XCBuildConfiguration;
			buildSettings = {
				ASSETCATALOG_COMPILER_APPICON_NAME = AppIcon;
				INFOPLIST_FILE = tableViews/Info.plist;
				LD_RUNPATH_SEARCH_PATHS = "$(inherited) @executable_path/Frameworks";
				PRODUCT_NAME = "$(TARGET_NAME)";
			};
			name = Debug;
		};
		F513C24B1BED0AED00F4B122 /* Release */ = {
			isa = XCBuildConfiguration;
			buildSettings = {
				ASSETCATALOG_COMPILER_APPICON_NAME = AppIcon;
				INFOPLIST_FILE = tableViews/Info.plist;
				LD_RUNPATH_SEARCH_PATHS = "$(inherited) @executable_path/Frameworks";
				PRODUCT_NAME = "$(TARGET_NAME)";
			};
			name = Release;
		};
		F513C24D1BED0AED00F4B122 /* Debug */ = {
			isa = XCBuildConfiguration;
			buildSettings = {
				BUNDLE_LOADER = "$(TEST_HOST)";
				FRAMEWORK_SEARCH_PATHS = (
					"$(SDKROOT)/Developer/Library/Frameworks",
					"$(inherited)",
				);
				GCC_PREPROCESSOR_DEFINITIONS = (
					"DEBUG=1",
					"$(inherited)",
				);
				INFOPLIST_FILE = tableViewsTests/Info.plist;
				LD_RUNPATH_SEARCH_PATHS = "$(inherited) @executable_path/Frameworks @loader_path/Frameworks";
				PRODUCT_NAME = "$(TARGET_NAME)";
				TEST_HOST = "$(BUILT_PRODUCTS_DIR)/tableViews.app/tableViews";
			};
			name = Debug;
		};
		F513C24E1BED0AED00F4B122 /* Release */ = {
			isa = XCBuildConfiguration;
			buildSettings = {
				BUNDLE_LOADER = "$(TEST_HOST)";
				FRAMEWORK_SEARCH_PATHS = (
					"$(SDKROOT)/Developer/Library/Frameworks",
					"$(inherited)",
				);
				INFOPLIST_FILE = tableViewsTests/Info.plist;
				LD_RUNPATH_SEARCH_PATHS = "$(inherited) @executable_path/Frameworks @loader_path/Frameworks";
				PRODUCT_NAME = "$(TARGET_NAME)";
				TEST_HOST = "$(BUILT_PRODUCTS_DIR)/tableViews.app/tableViews";
			};
			name = Release;
		};
/* End XCBuildConfiguration section */

/* Begin XCConfigurationList section */
		F513C2251BED0AED00F4B122 /* Build configuration list for PBXProject "tableViews" */ = {
			isa = XCConfigurationList;
			buildConfigurations = (
				F513C2471BED0AED00F4B122 /* Debug */,
				F513C2481BED0AED00F4B122 /* Release */,
			);
			defaultConfigurationIsVisible = 0;
			defaultConfigurationName = Release;
		};
		F513C2491BED0AED00F4B122 /* Build configuration list for PBXNativeTarget "tableViews" */ = {
			isa = XCConfigurationList;
			buildConfigurations = (
				F513C24A1BED0AED00F4B122 /* Debug */,
				F513C24B1BED0AED00F4B122 /* Release */,
			);
			defaultConfigurationIsVisible = 0;
		};
		F513C24C1BED0AED00F4B122 /* Build configuration list for PBXNativeTarget "tableViewsTests" */ = {
			isa = XCConfigurationList;
			buildConfigurations = (
				F513C24D1BED0AED00F4B122 /* Debug */,
				F513C24E1BED0AED00F4B122 /* Release */,
			);
			defaultConfigurationIsVisible = 0;
		};
/* End XCConfigurationList section */
	};
	rootObject = F513C2221BED0AED00F4B122 /* Project object */;
}
